
Microsoft Visual Studio Solution File, Format Version 12.00
# Visual Studio Version 16
VisualStudioVersion = 16.0.29306.81
MinimumVisualStudioVersion = 10.0.40219.1
Project("{FAE04EC0-301F-11D3-BF4B-00C04F79EFBC}") = "Ese_05 Automobili", "Ese_05 Automobili\Ese_05 Automobili.csproj", "{B8413849-29CC-475D-8C03-2EB4EA19E2F7}"
EndProject
Global
	GlobalSection(SolutionConfigurationPlatforms) = preSolution
		Debug|Any CPU = Debug|Any CPU
		Release|Any CPU = Release|Any CPU
	EndGlobalSection
	GlobalSection(ProjectConfigurationPlatforms) = postSolution
		{B8413849-29CC-475D-8C03-2EB4EA19E2F7}.Debug|Any CPU.ActiveCfg = Debug|Any CPU
		{B8413849-29CC-475D-8C03-2EB4EA19E2F7}.Debug|Any CPU.Build.0 = Debug|Any CPU
		{B8413849-29CC-475D-8C03-2EB4EA19E2F7}.Release|Any CPU.ActiveCfg = Release|Any CPU
		{B8413849-29CC-475D-8C03-2EB4EA19E2F7}.Release|Any CPU.Build.0 = Release|Any CPU
	EndGlobalSection
	GlobalSection(SolutionProperties) = preSolution
		HideSolutionNode = FALSE
	EndGlobalSection
	GlobalSection(ExtensibilityGlobals) = postSolution
		SolutionGuid = {DC94D2EB-A454-4B86-8683-F1CA46306A6D}
	EndGlobalSection
EndGlobal
