
Microsoft Visual Studio Solution File, Format Version 12.00
# Visual Studio Version 16
VisualStudioVersion = 16.0.29306.81
MinimumVisualStudioVersion = 10.0.40219.1
Project("{FAE04EC0-301F-11D3-BF4B-00C04F79EFBC}") = "Cravero Lorenzo", "Cravero Lorenzo\Cravero Lorenzo.csproj", "{8935EA06-F16E-42EE-9E60-7795A10726C7}"
EndProject
Global
	GlobalSection(SolutionConfigurationPlatforms) = preSolution
		Debug|Any CPU = Debug|Any CPU
		Release|Any CPU = Release|Any CPU
	EndGlobalSection
	GlobalSection(ProjectConfigurationPlatforms) = postSolution
		{8935EA06-F16E-42EE-9E60-7795A10726C7}.Debug|Any CPU.ActiveCfg = Debug|Any CPU
		{8935EA06-F16E-42EE-9E60-7795A10726C7}.Debug|Any CPU.Build.0 = Debug|Any CPU
		{8935EA06-F16E-42EE-9E60-7795A10726C7}.Release|Any CPU.ActiveCfg = Release|Any CPU
		{8935EA06-F16E-42EE-9E60-7795A10726C7}.Release|Any CPU.Build.0 = Release|Any CPU
	EndGlobalSection
	GlobalSection(SolutionProperties) = preSolution
		HideSolutionNode = FALSE
	EndGlobalSection
	GlobalSection(ExtensibilityGlobals) = postSolution
		SolutionGuid = {7138E09F-7D0A-4C23-BFA3-799D9603B467}
	EndGlobalSection
EndGlobal
